
Microsoft Visual Studio Solution File, Format Version 12.00
# Visual Studio 15
VisualStudioVersion = 15.0.28307.779
MinimumVisualStudioVersion = 10.0.40219.1
Project("{FAE04EC0-301F-11D3-BF4B-00C04F79EFBC}") = "GoiQuaTet.Web", "GoiQuaTet.Web\GoiQuaTet.Web.csproj", "{FF828DF6-0096-4215-9B42-24C3534E4FFE}"
EndProject
Project("{9092AA53-FB77-4645-B42D-1CCCA6BD08BD}") = "GoiQuaTet.Node", "GoiQuaTet.Node\GoiQuaTet.Node.njsproj", "{C432C0B3-59AC-45BA-B694-7412AA74AC32}"
EndProject
Global
	GlobalSection(SolutionConfigurationPlatforms) = preSolution
		Debug|Any CPU = Debug|Any CPU
		Release|Any CPU = Release|Any CPU
	EndGlobalSection
	GlobalSection(ProjectConfigurationPlatforms) = postSolution
		{FF828DF6-0096-4215-9B42-24C3534E4FFE}.Debug|Any CPU.ActiveCfg = Debug|Any CPU
		{FF828DF6-0096-4215-9B42-24C3534E4FFE}.Debug|Any CPU.Build.0 = Debug|Any CPU
		{FF828DF6-0096-4215-9B42-24C3534E4FFE}.Release|Any CPU.ActiveCfg = Release|Any CPU
		{FF828DF6-0096-4215-9B42-24C3534E4FFE}.Release|Any CPU.Build.0 = Release|Any CPU
		{C432C0B3-59AC-45BA-B694-7412AA74AC32}.Debug|Any CPU.ActiveCfg = Debug|Any CPU
		{C432C0B3-59AC-45BA-B694-7412AA74AC32}.Debug|Any CPU.Build.0 = Debug|Any CPU
		{C432C0B3-59AC-45BA-B694-7412AA74AC32}.Release|Any CPU.ActiveCfg = Release|Any CPU
		{C432C0B3-59AC-45BA-B694-7412AA74AC32}.Release|Any CPU.Build.0 = Release|Any CPU
	EndGlobalSection
	GlobalSection(SolutionProperties) = preSolution
		HideSolutionNode = FALSE
	EndGlobalSection
	GlobalSection(ExtensibilityGlobals) = postSolution
		SolutionGuid = {57C6EB2C-C648-45BD-8958-E7E4DFA30EE3}
	EndGlobalSection
EndGlobal
